{
  "lockfile_version": "1",
  "packages": {
    "go-task@latest": {
      "last_modified": "2024-10-13T23:44:06Z",
      "resolved": "github:NixOS/nixpkgs/d4f247e89f6e10120f911e2e2d2254a050d0f732#go-task",
      "source": "devbox-search",
      "version": "3.39.2",
      "systems": {
        "aarch64-darwin": {
          "outputs": [
            {
              "name": "out",
              "path": "/nix/store/aqcr7jv0m2s8nz481ay310i0dh4mbj48-go-task-3.39.2",
              "default": true
            }
          ],
          "store_path": "/nix/store/aqcr7jv0m2s8nz481ay310i0dh4mbj48-go-task-3.39.2"
        },
        "aarch64-linux": {
          "outputs": [
            {
              "name": "out",
              "path": "/nix/store/08haalp24y68v0krddls5c18hcl6n80p-go-task-3.39.2",
              "default": true
            }
          ],
          "store_path": "/nix/store/08haalp24y68v0krddls5c18hcl6n80p-go-task-3.39.2"
        },
        "x86_64-darwin": {
          "outputs": [
            {
              "name": "out",
              "path": "/nix/store/n6qmzm7h0vdj87qz3bfay17cfrhm3bki-go-task-3.39.2",
              "default": true
            }
          ],
          "store_path": "/nix/store/n6qmzm7h0vdj87qz3bfay17cfrhm3bki-go-task-3.39.2"
        },
        "x86_64-linux": {
          "outputs": [
            {
              "name": "out",
              "path": "/nix/store/sxlbgmc56mkv64rn772rczpin8vjn6lp-go-task-3.39.2",
              "default": true
            }
          ],
          "store_path": "/nix/store/sxlbgmc56mkv64rn772rczpin8vjn6lp-go-task-3.39.2"
        }
      }
    },
    "k9s@latest": {
      "last_modified": "2024-10-13T23:44:06Z",
      "resolved": "github:NixOS/nixpkgs/d4f247e89f6e10120f911e2e2d2254a050d0f732#k9s",
      "source": "devbox-search",
      "version": "0.32.5",
      "systems": {
        "aarch64-darwin": {
          "outputs": [
            {
              "name": "out",
              "path": "/nix/store/kscd7kvx0mhf0iflfyqnqbwnklgk8bpy-k9s-0.32.5",
              "default": true
            }
          ],
          "store_path": "/nix/store/kscd7kvx0mhf0iflfyqnqbwnklgk8bpy-k9s-0.32.5"
        },
        "aarch64-linux": {
          "outputs": [
            {
              "name": "out",
              "path": "/nix/store/75cy8nf69095mi51l0imhnrl73lras4j-k9s-0.32.5",
              "default": true
            }
          ],
          "store_path": "/nix/store/75cy8nf69095mi51l0imhnrl73lras4j-k9s-0.32.5"
        },
        "x86_64-darwin": {
          "outputs": [
            {
              "name": "out",
              "path": "/nix/store/bhcc59z046kp4iiir3h74y8w61w2qipc-k9s-0.32.5",
              "default": true
            }
          ],
          "store_path": "/nix/store/bhcc59z046kp4iiir3h74y8w61w2qipc-k9s-0.32.5"
        },
        "x86_64-linux": {
          "outputs": [
            {
              "name": "out",
              "path": "/nix/store/wv4mim4h014a8gw38haixbc8r1pgkd2w-k9s-0.32.5",
              "default": true
            }
          ],
          "store_path": "/nix/store/wv4mim4h014a8gw38haixbc8r1pgkd2w-k9s-0.32.5"
        }
      }
    },
    "kind@latest": {
      "last_modified": "2024-10-13T23:44:06Z",
      "resolved": "github:NixOS/nixpkgs/d4f247e89f6e10120f911e2e2d2254a050d0f732#kind",
      "source": "devbox-search",
      "version": "0.24.0",
      "systems": {
        "aarch64-darwin": {
          "outputs": [
            {
              "name": "out",
              "path": "/nix/store/gh5i0rfg4ddan0z2jn768isa7ppkrw3k-kind-0.24.0",
              "default": true
            }
          ],
          "store_path": "/nix/store/gh5i0rfg4ddan0z2jn768isa7ppkrw3k-kind-0.24.0"
        },
        "aarch64-linux": {
          "outputs": [
            {
              "name": "out",
              "path": "/nix/store/i1f1n1vkwq4frksgkjb1q4fk4dnw2r0s-kind-0.24.0",
              "default": true
            }
          ],
          "store_path": "/nix/store/i1f1n1vkwq4frksgkjb1q4fk4dnw2r0s-kind-0.24.0"
        },
        "x86_64-darwin": {
          "outputs": [
            {
              "name": "out",
              "path": "/nix/store/0a31m1clp16smjapp0jqg8xlqpqfy9nm-kind-0.24.0",
              "default": true
            }
          ],
          "store_path": "/nix/store/0a31m1clp16smjapp0jqg8xlqpqfy9nm-kind-0.24.0"
        },
        "x86_64-linux": {
          "outputs": [
            {
              "name": "out",
              "path": "/nix/store/f9bjjdk9ydihp12n7wq72hhgiyk8pvln-kind-0.24.0",
              "default": true
            }
          ],
          "store_path": "/nix/store/f9bjjdk9ydihp12n7wq72hhgiyk8pvln-kind-0.24.0"
        }
      }
    },
    "kubectl@latest": {
      "last_modified": "2024-10-13T23:44:06Z",
      "resolved": "github:NixOS/nixpkgs/d4f247e89f6e10120f911e2e2d2254a050d0f732#kubectl",
      "source": "devbox-search",
      "version": "1.31.0",
      "systems": {
        "aarch64-darwin": {
          "outputs": [
            {
              "name": "out",
              "path": "/nix/store/fai4gv26l2w6bpmwj16jxjxh35ix68ml-kubectl-1.31.0",
              "default": true
            },
            {
              "name": "man",
              "path": "/nix/store/mgn5j6li2mwqk91m5hfxsj46jqf9rh58-kubectl-1.31.0-man",
              "default": true
            },
            {
              "name": "convert",
              "path": "/nix/store/aaanrn2izxrazlc6z03sshaxdszhsb25-kubectl-1.31.0-convert"
            }
          ],
          "store_path": "/nix/store/fai4gv26l2w6bpmwj16jxjxh35ix68ml-kubectl-1.31.0"
        },
        "aarch64-linux": {
          "outputs": [
            {
              "name": "out",
              "path": "/nix/store/k7z6lpwr361g47w226brssr9az06m8wg-kubectl-1.31.0",
              "default": true
            },
            {
              "name": "man",
              "path": "/nix/store/ppi4zzafd8d7g2wa4gi0m11k2ja83q9z-kubectl-1.31.0-man",
              "default": true
            },
            {
              "name": "convert",
              "path": "/nix/store/vyg57m3vdg4f0rl9n81q1aasp5i33wla-kubectl-1.31.0-convert"
            }
          ],
          "store_path": "/nix/store/k7z6lpwr361g47w226brssr9az06m8wg-kubectl-1.31.0"
        },
        "x86_64-darwin": {
          "outputs": [
            {
              "name": "out",
              "path": "/nix/store/a6l653b5wzmif5vsjmb7g0p1z3z9lp39-kubectl-1.31.0",
              "default": true
            },
            {
              "name": "man",
              "path": "/nix/store/d1384hfgzrjhnq6r4wn73jpshvkvmr4c-kubectl-1.31.0-man",
              "default": true
            },
            {
              "name": "convert",
              "path": "/nix/store/gc0si099vdrlahjc33py74wmm3wqiymh-kubectl-1.31.0-convert"
            }
          ],
          "store_path": "/nix/store/a6l653b5wzmif5vsjmb7g0p1z3z9lp39-kubectl-1.31.0"
        },
        "x86_64-linux": {
          "outputs": [
            {
              "name": "out",
              "path": "/nix/store/jd22gixhisdwcrwhk0gmz50mhk267fv8-kubectl-1.31.0",
              "default": true
            },
            {
              "name": "man",
              "path": "/nix/store/25g9j89wa8cb67mgi0yhbp0d23jfcjnl-kubectl-1.31.0-man",
              "default": true
            },
            {
              "name": "convert",
              "path": "/nix/store/gl4m0mjkj8i7bmxqmfk63svffxsknz3k-kubectl-1.31.0-convert"
            }
          ],
          "store_path": "/nix/store/jd22gixhisdwcrwhk0gmz50mhk267fv8-kubectl-1.31.0"
        }
      }
    },
    "kubectx@latest": {
      "last_modified": "2024-10-13T23:44:06Z",
      "resolved": "github:NixOS/nixpkgs/d4f247e89f6e10120f911e2e2d2254a050d0f732#kubectx",
      "source": "devbox-search",
      "version": "0.9.5",
      "systems": {
        "aarch64-darwin": {
          "outputs": [
            {
              "name": "out",
              "path": "/nix/store/s97i759r0ar167cc9k890smljz02agbg-kubectx-0.9.5",
              "default": true
            }
          ],
          "store_path": "/nix/store/s97i759r0ar167cc9k890smljz02agbg-kubectx-0.9.5"
        },
        "aarch64-linux": {
          "outputs": [
            {
              "name": "out",
              "path": "/nix/store/2m0ysncrdn5bbciaxsrfbhbdygnfj9nf-kubectx-0.9.5",
              "default": true
            }
          ],
          "store_path": "/nix/store/2m0ysncrdn5bbciaxsrfbhbdygnfj9nf-kubectx-0.9.5"
        },
        "x86_64-darwin": {
          "outputs": [
            {
              "name": "out",
              "path": "/nix/store/5nbq5kj3l86kv1lbx6msb748a366ybbw-kubectx-0.9.5",
              "default": true
            }
          ],
          "store_path": "/nix/store/5nbq5kj3l86kv1lbx6msb748a366ybbw-kubectx-0.9.5"
        },
        "x86_64-linux": {
          "outputs": [
            {
              "name": "out",
              "path": "/nix/store/a125hv1m7c37b831c9pqypq867rs6ljm-kubectx-0.9.5",
              "default": true
            }
          ],
          "store_path": "/nix/store/a125hv1m7c37b831c9pqypq867rs6ljm-kubectx-0.9.5"
        }
      }
    },
    "kubernetes-helm@latest": {
      "last_modified": "2024-10-13T23:44:06Z",
      "resolved": "github:NixOS/nixpkgs/d4f247e89f6e10120f911e2e2d2254a050d0f732#kubernetes-helm",
      "source": "devbox-search",
      "version": "3.16.1",
      "systems": {
        "aarch64-darwin": {
          "outputs": [
            {
              "name": "out",
              "path": "/nix/store/x7j9yjkkf0zypc2n8p34di7gkcg5hwaj-kubernetes-helm-3.16.1",
              "default": true
            }
          ],
          "store_path": "/nix/store/x7j9yjkkf0zypc2n8p34di7gkcg5hwaj-kubernetes-helm-3.16.1"
        },
        "aarch64-linux": {
          "outputs": [
            {
              "name": "out",
              "path": "/nix/store/8r4d2af17bwxr1fh20zrd54qv7ry0nvz-kubernetes-helm-3.16.1",
              "default": true
            }
          ],
          "store_path": "/nix/store/8r4d2af17bwxr1fh20zrd54qv7ry0nvz-kubernetes-helm-3.16.1"
        },
        "x86_64-darwin": {
          "outputs": [
            {
              "name": "out",
              "path": "/nix/store/xnxl3i30wi2r4bw1aiak5rlqd090srm8-kubernetes-helm-3.16.1",
              "default": true
            }
          ],
          "store_path": "/nix/store/xnxl3i30wi2r4bw1aiak5rlqd090srm8-kubernetes-helm-3.16.1"
        },
        "x86_64-linux": {
          "outputs": [
            {
              "name": "out",
              "path": "/nix/store/mzfp9xffn1s1j4iqnjx2imxrcv0r3b2y-kubernetes-helm-3.16.1",
              "default": true
            }
          ],
          "store_path": "/nix/store/mzfp9xffn1s1j4iqnjx2imxrcv0r3b2y-kubernetes-helm-3.16.1"
        }
      }
    }
  }
}
